
Microsoft Visual Studio Solution File, Format Version 12.00
# Visual Studio Version 17
VisualStudioVersion = 17.9.34607.119
MinimumVisualStudioVersion = 10.0.40219.1
Project("{F184B08F-C81C-45F6-A57F-5ABD9991F28F}") = "Note", "Note\Note.vbproj", "{970D7892-E22E-42BC-BF52-F1DE053E70E6}"
EndProject
Global
	GlobalSection(SolutionConfigurationPlatforms) = preSolution
		Debug|Any CPU = Debug|Any CPU
		Release|Any CPU = Release|Any CPU
	EndGlobalSection
	GlobalSection(ProjectConfigurationPlatforms) = postSolution
		{970D7892-E22E-42BC-BF52-F1DE053E70E6}.Debug|Any CPU.ActiveCfg = Debug|Any CPU
		{970D7892-E22E-42BC-BF52-F1DE053E70E6}.Debug|Any CPU.Build.0 = Debug|Any CPU
		{970D7892-E22E-42BC-BF52-F1DE053E70E6}.Release|Any CPU.ActiveCfg = Release|Any CPU
		{970D7892-E22E-42BC-BF52-F1DE053E70E6}.Release|Any CPU.Build.0 = Release|Any CPU
	EndGlobalSection
	GlobalSection(SolutionProperties) = preSolution
		HideSolutionNode = FALSE
	EndGlobalSection
	GlobalSection(ExtensibilityGlobals) = postSolution
		SolutionGuid = {31C6D550-11F6-4AB8-8145-70B14347E044}
	EndGlobalSection
EndGlobal
